// !$*UTF8*$!
{
	archiveVersion = 1;
	classes = {
	};
	objectVersion = 55;
	objects = {

/* Begin PBXBuildFile section */
		97805F242792872B00821AC2 /* Tests_iOS.swift in Sources */ = {isa = PBXBuildFile; fileRef = 97805F232792872B00821AC2 /* Tests_iOS.swift */; };
		97805F262792872B00821AC2 /* Tests_iOSLaunchTests.swift in Sources */ = {isa = PBXBuildFile; fileRef = 97805F252792872B00821AC2 /* Tests_iOSLaunchTests.swift */; };
		97805F302792872B00821AC2 /* Tests_macOS.swift in Sources */ = {isa = PBXBuildFile; fileRef = 97805F2F2792872B00821AC2 /* Tests_macOS.swift */; };
		97805F322792872B00821AC2 /* Tests_macOSLaunchTests.swift in Sources */ = {isa = PBXBuildFile; fileRef = 97805F312792872B00821AC2 /* Tests_macOSLaunchTests.swift */; };
		97805F332792872B00821AC2 /* PublishedViewModelsApp.swift in Sources */ = {isa = PBXBuildFile; fileRef = 97805F0B2792872A00821AC2 /* PublishedViewModelsApp.swift */; };
		97805F342792872B00821AC2 /* PublishedViewModelsApp.swift in Sources */ = {isa = PBXBuildFile; fileRef = 97805F0B2792872A00821AC2 /* PublishedViewModelsApp.swift */; };
		97805F352792872B00821AC2 /* ContentView.swift in Sources */ = {isa = PBXBuildFile; fileRef = 97805F0C2792872A00821AC2 /* ContentView.swift */; };
		97805F362792872B00821AC2 /* ContentView.swift in Sources */ = {isa = PBXBuildFile; fileRef = 97805F0C2792872A00821AC2 /* ContentView.swift */; };
		97805F372792872B00821AC2 /* Assets.xcassets in Resources */ = {isa = PBXBuildFile; fileRef = 97805F0D2792872A00821AC2 /* Assets.xcassets */; };
		97805F382792872B00821AC2 /* Assets.xcassets in Resources */ = {isa = PBXBuildFile; fileRef = 97805F0D2792872A00821AC2 /* Assets.xcassets */; };
		97805F4827929B4B00821AC2 /* GetReddit.swift in Sources */ = {isa = PBXBuildFile; fileRef = 97805F4727929B4B00821AC2 /* GetReddit.swift */; };
		97805F4927929B4B00821AC2 /* GetReddit.swift in Sources */ = {isa = PBXBuildFile; fileRef = 97805F4727929B4B00821AC2 /* GetReddit.swift */; };
		97805F4B27929C9F00821AC2 /* SubredditView.swift in Sources */ = {isa = PBXBuildFile; fileRef = 97805F4A27929C9F00821AC2 /* SubredditView.swift */; };
		97805F4C27929C9F00821AC2 /* SubredditView.swift in Sources */ = {isa = PBXBuildFile; fileRef = 97805F4A27929C9F00821AC2 /* SubredditView.swift */; };
		97805F4E27929CBB00821AC2 /* SubredditViewModel.swift in Sources */ = {isa = PBXBuildFile; fileRef = 97805F4D27929CBB00821AC2 /* SubredditViewModel.swift */; };
		97805F4F27929CBB00821AC2 /* SubredditViewModel.swift in Sources */ = {isa = PBXBuildFile; fileRef = 97805F4D27929CBB00821AC2 /* SubredditViewModel.swift */; };
/* End PBXBuildFile section */

/* Begin PBXContainerItemProxy section */
		97805F202792872A00821AC2 /* PBXContainerItemProxy */ = {
			isa = PBXContainerItemProxy;
			containerPortal = 97805F062792872900821AC2 /* Project object */;
			proxyType = 1;
			remoteGlobalIDString = 97805F112792872A00821AC2;
			remoteInfo = "PublishedViewModels (iOS)";
		};
		97805F2C2792872B00821AC2 /* PBXContainerItemProxy */ = {
			isa = PBXContainerItemProxy;
			containerPortal = 97805F062792872900821AC2 /* Project object */;
			proxyType = 1;
			remoteGlobalIDString = 97805F172792872A00821AC2;
			remoteInfo = "PublishedViewModels (macOS)";
		};
/* End PBXContainerItemProxy section */

/* Begin PBXFileReference section */
		97805F0B2792872A00821AC2 /* PublishedViewModelsApp.swift */ = {isa = PBXFileReference; lastKnownFileType = sourcecode.swift; path = PublishedViewModelsApp.swift; sourceTree = "<group>"; };
		97805F0C2792872A00821AC2 /* ContentView.swift */ = {isa = PBXFileReference; lastKnownFileType = sourcecode.swift; path = ContentView.swift; sourceTree = "<group>"; };
		97805F0D2792872A00821AC2 /* Assets.xcassets */ = {isa = PBXFileReference; lastKnownFileType = folder.assetcatalog; path = Assets.xcassets; sourceTree = "<group>"; };
		97805F122792872A00821AC2 /* PublishedViewModels.app */ = {isa = PBXFileReference; explicitFileType = wrapper.application; includeInIndex = 0; path = PublishedViewModels.app; sourceTree = BUILT_PRODUCTS_DIR; };
		97805F182792872A00821AC2 /* PublishedViewModels.app */ = {isa = PBXFileReference; explicitFileType = wrapper.application; includeInIndex = 0; path = PublishedViewModels.app; sourceTree = BUILT_PRODUCTS_DIR; };
		97805F1A2792872A00821AC2 /* macOS.entitlements */ = {isa = PBXFileReference; lastKnownFileType = text.plist.entitlements; path = macOS.entitlements; sourceTree = "<group>"; };
		97805F1F2792872A00821AC2 /* Tests iOS.xctest */ = {isa = PBXFileReference; explicitFileType = wrapper.cfbundle; includeInIndex = 0; path = "Tests iOS.xctest"; sourceTree = BUILT_PRODUCTS_DIR; };
		97805F232792872B00821AC2 /* Tests_iOS.swift */ = {isa = PBXFileReference; lastKnownFileType = sourcecode.swift; path = Tests_iOS.swift; sourceTree = "<group>"; };
		97805F252792872B00821AC2 /* Tests_iOSLaunchTests.swift */ = {isa = PBXFileReference; lastKnownFileType = sourcecode.swift; path = Tests_iOSLaunchTests.swift; sourceTree = "<group>"; };
		97805F2B2792872B00821AC2 /* Tests macOS.xctest */ = {isa = PBXFileReference; explicitFileType = wrapper.cfbundle; includeInIndex = 0; path = "Tests macOS.xctest"; sourceTree = BUILT_PRODUCTS_DIR; };
		97805F2F2792872B00821AC2 /* Tests_macOS.swift */ = {isa = PBXFileReference; lastKnownFileType = sourcecode.swift; path = Tests_macOS.swift; sourceTree = "<group>"; };
		97805F312792872B00821AC2 /* Tests_macOSLaunchTests.swift */ = {isa = PBXFileReference; lastKnownFileType = sourcecode.swift; path = Tests_macOSLaunchTests.swift; sourceTree = "<group>"; };
		97805F4727929B4B00821AC2 /* GetReddit.swift */ = {isa = PBXFileReference; lastKnownFileType = sourcecode.swift; path = GetReddit.swift; sourceTree = "<group>"; };
		97805F4A27929C9F00821AC2 /* SubredditView.swift */ = {isa = PBXFileReference; lastKnownFileType = sourcecode.swift; path = SubredditView.swift; sourceTree = "<group>"; };
		97805F4D27929CBB00821AC2 /* SubredditViewModel.swift */ = {isa = PBXFileReference; lastKnownFileType = sourcecode.swift; path = SubredditViewModel.swift; sourceTree = "<group>"; };
/* End PBXFileReference section */

/* Begin PBXFrameworksBuildPhase section */
		97805F0F2792872A00821AC2 /* Frameworks */ = {
			isa = PBXFrameworksBuildPhase;
			buildActionMask = 2147483647;
			files = (
			);
			runOnlyForDeploymentPostprocessing = 0;
		};
		97805F152792872A00821AC2 /* Frameworks */ = {
			isa = PBXFrameworksBuildPhase;
			buildActionMask = 2147483647;
			files = (
			);
			runOnlyForDeploymentPostprocessing = 0;
		};
		97805F1C2792872A00821AC2 /* Frameworks */ = {
			isa = PBXFrameworksBuildPhase;
			buildActionMask = 2147483647;
			files = (
			);
			runOnlyForDeploymentPostprocessing = 0;
		};
		97805F282792872B00821AC2 /* Frameworks */ = {
			isa = PBXFrameworksBuildPhase;
			buildActionMask = 2147483647;
			files = (
			);
			runOnlyForDeploymentPostprocessing = 0;
		};
/* End PBXFrameworksBuildPhase section */

/* Begin PBXGroup section */
		97805F052792872900821AC2 = {
			isa = PBXGroup;
			children = (
				97805F0A2792872A00821AC2 /* Shared */,
				97805F192792872A00821AC2 /* macOS */,
				97805F222792872B00821AC2 /* Tests iOS */,
				97805F2E2792872B00821AC2 /* Tests macOS */,
				97805F132792872A00821AC2 /* Products */,
			);
			sourceTree = "<group>";
		};
		97805F0A2792872A00821AC2 /* Shared */ = {
			isa = PBXGroup;
			children = (
				97805F0B2792872A00821AC2 /* PublishedViewModelsApp.swift */,
				97805F0C2792872A00821AC2 /* ContentView.swift */,
				97805F0D2792872A00821AC2 /* Assets.xcassets */,
				97805F4727929B4B00821AC2 /* GetReddit.swift */,
				97805F4A27929C9F00821AC2 /* SubredditView.swift */,
				97805F4D27929CBB00821AC2 /* SubredditViewModel.swift */,
			);
			path = Shared;
			sourceTree = "<group>";
		};
		97805F132792872A00821AC2 /* Products */ = {
			isa = PBXGroup;
			children = (
				97805F122792872A00821AC2 /* PublishedViewModels.app */,
				97805F182792872A00821AC2 /* PublishedViewModels.app */,
				97805F1F2792872A00821AC2 /* Tests iOS.xctest */,
				97805F2B2792872B00821AC2 /* Tests macOS.xctest */,
			);
			name = Products;
			sourceTree = "<group>";
		};
		97805F192792872A00821AC2 /* macOS */ = {
			isa = PBXGroup;
			children = (
				97805F1A2792872A00821AC2 /* macOS.entitlements */,
			);
			path = macOS;
			sourceTree = "<group>";
		};
		97805F222792872B00821AC2 /* Tests iOS */ = {
			isa = PBXGroup;
			children = (
				97805F232792872B00821AC2 /* Tests_iOS.swift */,
				97805F252792872B00821AC2 /* Tests_iOSLaunchTests.swift */,
			);
			path = "Tests iOS";
			sourceTree = "<group>";
		};
		97805F2E2792872B00821AC2 /* Tests macOS */ = {
			isa = PBXGroup;
			children = (
				97805F2F2792872B00821AC2 /* Tests_macOS.swift */,
				97805F312792872B00821AC2 /* Tests_macOSLaunchTests.swift */,
			);
			path = "Tests macOS";
			sourceTree = "<group>";
		};
/* End PBXGroup section */

/* Begin PBXNativeTarget section */
		97805F112792872A00821AC2 /* PublishedViewModels (iOS) */ = {
			isa = PBXNativeTarget;
			buildConfigurationList = 97805F3B2792872B00821AC2 /* Build configuration list for PBXNativeTarget "PublishedViewModels (iOS)" */;
			buildPhases = (
				97805F0E2792872A00821AC2 /* Sources */,
				97805F0F2792872A00821AC2 /* Frameworks */,
				97805F102792872A00821AC2 /* Resources */,
			);
			buildRules = (
			);
			dependencies = (
			);
			name = "PublishedViewModels (iOS)";
			productName = "PublishedViewModels (iOS)";
			productReference = 97805F122792872A00821AC2 /* PublishedViewModels.app */;
			productType = "com.apple.product-type.application";
		};
		97805F172792872A00821AC2 /* PublishedViewModels (macOS) */ = {
			isa = PBXNativeTarget;
			buildConfigurationList = 97805F3E2792872B00821AC2 /* Build configuration list for PBXNativeTarget "PublishedViewModels (macOS)" */;
			buildPhases = (
				97805F142792872A00821AC2 /* Sources */,
				97805F152792872A00821AC2 /* Frameworks */,
				97805F162792872A00821AC2 /* Resources */,
			);
			buildRules = (
			);
			dependencies = (
			);
			name = "PublishedViewModels (macOS)";
			productName = "PublishedViewModels (macOS)";
			productReference = 97805F182792872A00821AC2 /* PublishedViewModels.app */;
			productType = "com.apple.product-type.application";
		};
		97805F1E2792872A00821AC2 /* Tests iOS */ = {
			isa = PBXNativeTarget;
			buildConfigurationList = 97805F412792872B00821AC2 /* Build configuration list for PBXNativeTarget "Tests iOS" */;
			buildPhases = (
				97805F1B2792872A00821AC2 /* Sources */,
				97805F1C2792872A00821AC2 /* Frameworks */,
				97805F1D2792872A00821AC2 /* Resources */,
			);
			buildRules = (
			);
			dependencies = (
				97805F212792872A00821AC2 /* PBXTargetDependency */,
			);
			name = "Tests iOS";
			productName = "Tests iOS";
			productReference = 97805F1F2792872A00821AC2 /* Tests iOS.xctest */;
			productType = "com.apple.product-type.bundle.ui-testing";
		};
		97805F2A2792872B00821AC2 /* Tests macOS */ = {
			isa = PBXNativeTarget;
			buildConfigurationList = 97805F442792872B00821AC2 /* Build configuration list for PBXNativeTarget "Tests macOS" */;
			buildPhases = (
				97805F272792872B00821AC2 /* Sources */,
				97805F282792872B00821AC2 /* Frameworks */,
				97805F292792872B00821AC2 /* Resources */,
			);
			buildRules = (
			);
			dependencies = (
				97805F2D2792872B00821AC2 /* PBXTargetDependency */,
			);
			name = "Tests macOS";
			productName = "Tests macOS";
			productReference = 97805F2B2792872B00821AC2 /* Tests macOS.xctest */;
			productType = "com.apple.product-type.bundle.ui-testing";
		};
/* End PBXNativeTarget section */

/* Begin PBXProject section */
		97805F062792872900821AC2 /* Project object */ = {
			isa = PBXProject;
			attributes = {
				BuildIndependentTargetsInParallel = 1;
				LastSwiftUpdateCheck = 1320;
				LastUpgradeCheck = 1320;
				TargetAttributes = {
					97805F112792872A00821AC2 = {
						CreatedOnToolsVersion = 13.2.1;
					};
					97805F172792872A00821AC2 = {
						CreatedOnToolsVersion = 13.2.1;
					};
					97805F1E2792872A00821AC2 = {
						CreatedOnToolsVersion = 13.2.1;
						TestTargetID = 97805F112792872A00821AC2;
					};
					97805F2A2792872B00821AC2 = {
						CreatedOnToolsVersion = 13.2.1;
						TestTargetID = 97805F172792872A00821AC2;
					};
				};
			};
			buildConfigurationList = 97805F092792872900821AC2 /* Build configuration list for PBXProject "PublishedViewModels" */;
			compatibilityVersion = "Xcode 13.0";
			developmentRegion = en;
			hasScannedForEncodings = 0;
			knownRegions = (
				en,
				Base,
			);
			mainGroup = 97805F052792872900821AC2;
			productRefGroup = 97805F132792872A00821AC2 /* Products */;
			projectDirPath = "";
			projectRoot = "";
			targets = (
				97805F112792872A00821AC2 /* PublishedViewModels (iOS) */,
				97805F172792872A00821AC2 /* PublishedViewModels (macOS) */,
				97805F1E2792872A00821AC2 /* Tests iOS */,
				97805F2A2792872B00821AC2 /* Tests macOS */,
			);
		};
/* End PBXProject section */

/* Begin PBXResourcesBuildPhase section */
		97805F102792872A00821AC2 /* Resources */ = {
			isa = PBXResourcesBuildPhase;
			buildActionMask = 2147483647;
			files = (
				97805F372792872B00821AC2 /* Assets.xcassets in Resources */,
			);
			runOnlyForDeploymentPostprocessing = 0;
		};
		97805F162792872A00821AC2 /* Resources */ = {
			isa = PBXResourcesBuildPhase;
			buildActionMask = 2147483647;
			files = (
				97805F382792872B00821AC2 /* Assets.xcassets in Resources */,
			);
			runOnlyForDeploymentPostprocessing = 0;
		};
		97805F1D2792872A00821AC2 /* Resources */ = {
			isa = PBXResourcesBuildPhase;
			buildActionMask = 2147483647;
			files = (
			);
			runOnlyForDeploymentPostprocessing = 0;
		};
		97805F292792872B00821AC2 /* Resources */ = {
			isa = PBXResourcesBuildPhase;
			buildActionMask = 2147483647;
			files = (
			);
			runOnlyForDeploymentPostprocessing = 0;
		};
/* End PBXResourcesBuildPhase section */

/* Begin PBXSourcesBuildPhase section */
		97805F0E2792872A00821AC2 /* Sources */ = {
			isa = PBXSourcesBuildPhase;
			buildActionMask = 2147483647;
			files = (
				97805F352792872B00821AC2 /* ContentView.swift in Sources */,
				97805F4827929B4B00821AC2 /* GetReddit.swift in Sources */,
				97805F332792872B00821AC2 /* PublishedViewModelsApp.swift in Sources */,
				97805F4B27929C9F00821AC2 /* SubredditView.swift in Sources */,
				97805F4E27929CBB00821AC2 /* SubredditViewModel.swift in Sources */,
			);
			runOnlyForDeploymentPostprocessing = 0;
		};
		97805F142792872A00821AC2 /* Sources */ = {
			isa = PBXSourcesBuildPhase;
			buildActionMask = 2147483647;
			files = (
				97805F362792872B00821AC2 /* ContentView.swift in Sources */,
				97805F4927929B4B00821AC2 /* GetReddit.swift in Sources */,
				97805F342792872B00821AC2 /* PublishedViewModelsApp.swift in Sources */,
				97805F4C27929C9F00821AC2 /* SubredditView.swift in Sources */,
				97805F4F27929CBB00821AC2 /* SubredditViewModel.swift in Sources */,
			);
			runOnlyForDeploymentPostprocessing = 0;
		};
		97805F1B2792872A00821AC2 /* Sources */ = {
			isa = PBXSourcesBuildPhase;
			buildActionMask = 2147483647;
			files = (
				97805F262792872B00821AC2 /* Tests_iOSLaunchTests.swift in Sources */,
				97805F242792872B00821AC2 /* Tests_iOS.swift in Sources */,
			);
			runOnlyForDeploymentPostprocessing = 0;
		};
		97805F272792872B00821AC2 /* Sources */ = {
			isa = PBXSourcesBuildPhase;
			buildActionMask = 2147483647;
			files = (
				97805F322792872B00821AC2 /* Tests_macOSLaunchTests.swift in Sources */,
				97805F302792872B00821AC2 /* Tests_macOS.swift in Sources */,
			);
			runOnlyForDeploymentPostprocessing = 0;
		};
/* End PBXSourcesBuildPhase section */

/* Begin PBXTargetDependency section */
		97805F212792872A00821AC2 /* PBXTargetDependency */ = {
			isa = PBXTargetDependency;
			target = 97805F112792872A00821AC2 /* PublishedViewModels (iOS) */;
			targetProxy = 97805F202792872A00821AC2 /* PBXContainerItemProxy */;
		};
		97805F2D2792872B00821AC2 /* PBXTargetDependency */ = {
			isa = PBXTargetDependency;
			target = 97805F172792872A00821AC2 /* PublishedViewModels (macOS) */;
			targetProxy = 97805F2C2792872B00821AC2 /* PBXContainerItemProxy */;
		};
/* End PBXTargetDependency section */

/* Begin XCBuildConfiguration section */
		97805F392792872B00821AC2 /* Debug */ = {
			isa = XCBuildConfiguration;
			buildSettings = {
				ALWAYS_SEARCH_USER_PATHS = NO;
				CLANG_ANALYZER_NONNULL = YES;
				CLANG_ANALYZER_NUMBER_OBJECT_CONVERSION = YES_AGGRESSIVE;
				CLANG_CXX_LANGUAGE_STANDARD = "gnu++17";
				CLANG_CXX_LIBRARY = "libc++";
				CLANG_ENABLE_MODULES = YES;
				CLANG_ENABLE_OBJC_ARC = YES;
				CLANG_ENABLE_OBJC_WEAK = YES;
				CLANG_WARN_BLOCK_CAPTURE_AUTORELEASING = YES;
				CLANG_WARN_BOOL_CONVERSION = YES;
				CLANG_WARN_COMMA = YES;
				CLANG_WARN_CONSTANT_CONVERSION = YES;
				CLANG_WARN_DEPRECATED_OBJC_IMPLEMENTATIONS = YES;
				CLANG_WARN_DIRECT_OBJC_ISA_USAGE = YES_ERROR;
				CLANG_WARN_DOCUMENTATION_COMMENTS = YES;
				CLANG_WARN_EMPTY_BODY = YES;
				CLANG_WARN_ENUM_CONVERSION = YES;
				CLANG_WARN_INFINITE_RECURSION = YES;
				CLANG_WARN_INT_CONVERSION = YES;
				CLANG_WARN_NON_LITERAL_NULL_CONVERSION = YES;
				CLANG_WARN_OBJC_IMPLICIT_RETAIN_SELF = YES;
				CLANG_WARN_OBJC_LITERAL_CONVERSION = YES;
				CLANG_WARN_OBJC_ROOT_CLASS = YES_ERROR;
				CLANG_WARN_QUOTED_INCLUDE_IN_FRAMEWORK_HEADER = YES;
				CLANG_WARN_RANGE_LOOP_ANALYSIS = YES;
				CLANG_WARN_STRICT_PROTOTYPES = YES;
				CLANG_WARN_SUSPICIOUS_MOVE = YES;
				CLANG_WARN_UNGUARDED_AVAILABILITY = YES_AGGRESSIVE;
				CLANG_WARN_UNREACHABLE_CODE = YES;
				CLANG_WARN__DUPLICATE_METHOD_MATCH = YES;
				COPY_PHASE_STRIP = NO;
				DEBUG_INFORMATION_FORMAT = dwarf;
				ENABLE_STRICT_OBJC_MSGSEND = YES;
				ENABLE_TESTABILITY = YES;
				GCC_C_LANGUAGE_STANDARD = gnu11;
				GCC_DYNAMIC_NO_PIC = NO;
				GCC_NO_COMMON_BLOCKS = YES;
				GCC_OPTIMIZATION_LEVEL = 0;
				GCC_PREPROCESSOR_DEFINITIONS = (
					"DEBUG=1",
					"$(inherited)",
				);
				GCC_WARN_64_TO_32_BIT_CONVERSION = YES;
				GCC_WARN_ABOUT_RETURN_TYPE = YES_ERROR;
				GCC_WARN_UNDECLARED_SELECTOR = YES;
				GCC_WARN_UNINITIALIZED_AUTOS = YES_AGGRESSIVE;
				GCC_WARN_UNUSED_FUNCTION = YES;
				GCC_WARN_UNUSED_VARIABLE = YES;
				MTL_ENABLE_DEBUG_INFO = INCLUDE_SOURCE;
				MTL_FAST_MATH = YES;
				ONLY_ACTIVE_ARCH = YES;
				SWIFT_ACTIVE_COMPILATION_CONDITIONS = DEBUG;
				SWIFT_OPTIMIZATION_LEVEL = "-Onone";
			};
			name = Debug;
		};
		97805F3A2792872B00821AC2 /* Release */ = {
			isa = XCBuildConfiguration;
			buildSettings = {
				ALWAYS_SEARCH_USER_PATHS = NO;
				CLANG_ANALYZER_NONNULL = YES;
				CLANG_ANALYZER_NUMBER_OBJECT_CONVERSION = YES_AGGRESSIVE;
				CLANG_CXX_LANGUAGE_STANDARD = "gnu++17";
				CLANG_CXX_LIBRARY = "libc++";
				CLANG_ENABLE_MODULES = YES;
				CLANG_ENABLE_OBJC_ARC = YES;
				CLANG_ENABLE_OBJC_WEAK = YES;
				CLANG_WARN_BLOCK_CAPTURE_AUTORELEASING = YES;
				CLANG_WARN_BOOL_CONVERSION = YES;
				CLANG_WARN_COMMA = YES;
				CLANG_WARN_CONSTANT_CONVERSION = YES;
				CLANG_WARN_DEPRECATED_OBJC_IMPLEMENTATIONS = YES;
				CLANG_WARN_DIRECT_OBJC_ISA_USAGE = YES_ERROR;
				CLANG_WARN_DOCUMENTATION_COMMENTS = YES;
				CLANG_WARN_EMPTY_BODY = YES;
				CLANG_WARN_ENUM_CONVERSION = YES;
				CLANG_WARN_INFINITE_RECURSION = YES;
				CLANG_WARN_INT_CONVERSION = YES;
				CLANG_WARN_NON_LITERAL_NULL_CONVERSION = YES;
				CLANG_WARN_OBJC_IMPLICIT_RETAIN_SELF = YES;
				CLANG_WARN_OBJC_LITERAL_CONVERSION = YES;
				CLANG_WARN_OBJC_ROOT_CLASS = YES_ERROR;
				CLANG_WARN_QUOTED_INCLUDE_IN_FRAMEWORK_HEADER = YES;
				CLANG_WARN_RANGE_LOOP_ANALYSIS = YES;
				CLANG_WARN_STRICT_PROTOTYPES = YES;
				CLANG_WARN_SUSPICIOUS_MOVE = YES;
				CLANG_WARN_UNGUARDED_AVAILABILITY = YES_AGGRESSIVE;
				CLANG_WARN_UNREACHABLE_CODE = YES;
				CLANG_WARN__DUPLICATE_METHOD_MATCH = YES;
				COPY_PHASE_STRIP = NO;
				DEBUG_INFORMATION_FORMAT = "dwarf-with-dsym";
				ENABLE_NS_ASSERTIONS = NO;
				ENABLE_STRICT_OBJC_MSGSEND = YES;
				GCC_C_LANGUAGE_STANDARD = gnu11;
				GCC_NO_COMMON_BLOCKS = YES;
				GCC_WARN_64_TO_32_BIT_CONVERSION = YES;
				GCC_WARN_ABOUT_RETURN_TYPE = YES_ERROR;
				GCC_WARN_UNDECLARED_SELECTOR = YES;
				GCC_WARN_UNINITIALIZED_AUTOS = YES_AGGRESSIVE;
				GCC_WARN_UNUSED_FUNCTION = YES;
				GCC_WARN_UNUSED_VARIABLE = YES;
				MTL_ENABLE_DEBUG_INFO = NO;
				MTL_FAST_MATH = YES;
				SWIFT_COMPILATION_MODE = wholemodule;
				SWIFT_OPTIMIZATION_LEVEL = "-O";
			};
			name = Release;
		};
		97805F3C2792872B00821AC2 /* Debug */ = {
			isa = XCBuildConfiguration;
			buildSettings = {
				ASSETCATALOG_COMPILER_APPICON_NAME = AppIcon;
				ASSETCATALOG_COMPILER_GLOBAL_ACCENT_COLOR_NAME = AccentColor;
				CODE_SIGN_STYLE = Automatic;
				CURRENT_PROJECT_VERSION = 1;
				DEVELOPMENT_TEAM = 7G8MJMXW55;
				ENABLE_PREVIEWS = YES;
				GENERATE_INFOPLIST_FILE = YES;
				INFOPLIST_KEY_UIApplicationSceneManifest_Generation = YES;
				INFOPLIST_KEY_UIApplicationSupportsIndirectInputEvents = YES;
				INFOPLIST_KEY_UILaunchScreen_Generation = YES;
				INFOPLIST_KEY_UISupportedInterfaceOrientations_iPad = "UIInterfaceOrientationPortrait UIInterfaceOrientationPortraitUpsideDown UIInterfaceOrientationLandscapeLeft UIInterfaceOrientationLandscapeRight";
				INFOPLIST_KEY_UISupportedInterfaceOrientations_iPhone = "UIInterfaceOrientationPortrait UIInterfaceOrientationLandscapeLeft UIInterfaceOrientationLandscapeRight";
				IPHONEOS_DEPLOYMENT_TARGET = 15.2;
				LD_RUNPATH_SEARCH_PATHS = (
					"$(inherited)",
					"@executable_path/Frameworks",
				);
				MARKETING_VERSION = 1.0;
				PRODUCT_BUNDLE_IDENTIFIER = com.davidz.PublishedViewModels;
				PRODUCT_NAME = PublishedViewModels;
				SDKROOT = iphoneos;
				SWIFT_EMIT_LOC_STRINGS = YES;
				SWIFT_VERSION = 5.0;
				TARGETED_DEVICE_FAMILY = "1,2";
			};
			name = Debug;
		};
		97805F3D2792872B00821AC2 /* Release */ = {
			isa = XCBuildConfiguration;
			buildSettings = {
				ASSETCATALOG_COMPILER_APPICON_NAME = AppIcon;
				ASSETCATALOG_COMPILER_GLOBAL_ACCENT_COLOR_NAME = AccentColor;
				CODE_SIGN_STYLE = Automatic;
				CURRENT_PROJECT_VERSION = 1;
				DEVELOPMENT_TEAM = 7G8MJMXW55;
				ENABLE_PREVIEWS = YES;
				GENERATE_INFOPLIST_FILE = YES;
				INFOPLIST_KEY_UIApplicationSceneManifest_Generation = YES;
				INFOPLIST_KEY_UIApplicationSupportsIndirectInputEvents = YES;
				INFOPLIST_KEY_UILaunchScreen_Generation = YES;
				INFOPLIST_KEY_UISupportedInterfaceOrientations_iPad = "UIInterfaceOrientationPortrait UIInterfaceOrientationPortraitUpsideDown UIInterfaceOrientationLandscapeLeft UIInterfaceOrientationLandscapeRight";
				INFOPLIST_KEY_UISupportedInterfaceOrientations_iPhone = "UIInterfaceOrientationPortrait UIInterfaceOrientationLandscapeLeft UIInterfaceOrientationLandscapeRight";
				IPHONEOS_DEPLOYMENT_TARGET = 15.2;
				LD_RUNPATH_SEARCH_PATHS = (
					"$(inherited)",
					"@executable_path/Frameworks",
				);
				MARKETING_VERSION = 1.0;
				PRODUCT_BUNDLE_IDENTIFIER = com.davidz.PublishedViewModels;
				PRODUCT_NAME = PublishedViewModels;
				SDKROOT = iphoneos;
				SWIFT_EMIT_LOC_STRINGS = YES;
				SWIFT_VERSION = 5.0;
				TARGETED_DEVICE_FAMILY = "1,2";
				VALIDATE_PRODUCT = YES;
			};
			name = Release;
		};
		97805F3F2792872B00821AC2 /* Debug */ = {
			isa = XCBuildConfiguration;
			buildSettings = {
				ASSETCATALOG_COMPILER_APPICON_NAME = AppIcon;
				ASSETCATALOG_COMPILER_GLOBAL_ACCENT_COLOR_NAME = AccentColor;
				CODE_SIGN_ENTITLEMENTS = macOS/macOS.entitlements;
				CODE_SIGN_STYLE = Automatic;
				COMBINE_HIDPI_IMAGES = YES;
				CURRENT_PROJECT_VERSION = 1;
				DEVELOPMENT_TEAM = 7G8MJMXW55;
				ENABLE_HARDENED_RUNTIME = YES;
				ENABLE_PREVIEWS = YES;
				GENERATE_INFOPLIST_FILE = YES;
				INFOPLIST_KEY_NSHumanReadableCopyright = "";
				LD_RUNPATH_SEARCH_PATHS = (
					"$(inherited)",
					"@executable_path/../Frameworks",
				);
				MACOSX_DEPLOYMENT_TARGET = 12.0;
				MARKETING_VERSION = 1.0;
				PRODUCT_BUNDLE_IDENTIFIER = com.davidz.PublishedViewModels;
				PRODUCT_NAME = PublishedViewModels;
				SDKROOT = macosx;
				SWIFT_EMIT_LOC_STRINGS = YES;
				SWIFT_VERSION = 5.0;
			};
			name = Debug;
		};
		97805F402792872B00821AC2 /* Release */ = {
			isa = XCBuildConfiguration;
			buildSettings = {
				ASSETCATALOG_COMPILER_APPICON_NAME = AppIcon;
				ASSETCATALOG_COMPILER_GLOBAL_ACCENT_COLOR_NAME = AccentColor;
				CODE_SIGN_ENTITLEMENTS = macOS/macOS.entitlements;
				CODE_SIGN_STYLE = Automatic;
				COMBINE_HIDPI_IMAGES = YES;
				CURRENT_PROJECT_VERSION = 1;
				DEVELOPMENT_TEAM = 7G8MJMXW55;
				ENABLE_HARDENED_RUNTIME = YES;
				ENABLE_PREVIEWS = YES;
				GENERATE_INFOPLIST_FILE = YES;
				INFOPLIST_KEY_NSHumanReadableCopyright = "";
				LD_RUNPATH_SEARCH_PATHS = (
					"$(inherited)",
					"@executable_path/../Frameworks",
				);
				MACOSX_DEPLOYMENT_TARGET = 12.0;
				MARKETING_VERSION = 1.0;
				PRODUCT_BUNDLE_IDENTIFIER = com.davidz.PublishedViewModels;
				PRODUCT_NAME = PublishedViewModels;
				SDKROOT = macosx;
				SWIFT_EMIT_LOC_STRINGS = YES;
				SWIFT_VERSION = 5.0;
			};
			name = Release;
		};
		97805F422792872B00821AC2 /* Debug */ = {
			isa = XCBuildConfiguration;
			buildSettings = {
				ALWAYS_EMBED_SWIFT_STANDARD_LIBRARIES = YES;
				CODE_SIGN_STYLE = Automatic;
				CURRENT_PROJECT_VERSION = 1;
				DEVELOPMENT_TEAM = 7G8MJMXW55;
				GENERATE_INFOPLIST_FILE = YES;
				IPHONEOS_DEPLOYMENT_TARGET = 15.2;
				MARKETING_VERSION = 1.0;
				PRODUCT_BUNDLE_IDENTIFIER = "com.davidz.Tests-iOS";
				PRODUCT_NAME = "$(TARGET_NAME)";
				SDKROOT = iphoneos;
				SWIFT_EMIT_LOC_STRINGS = NO;
				SWIFT_VERSION = 5.0;
				TARGETED_DEVICE_FAMILY = "1,2";
				TEST_TARGET_NAME = "PublishedViewModels (iOS)";
			};
			name = Debug;
		};
		97805F432792872B00821AC2 /* Release */ = {
			isa = XCBuildConfiguration;
			buildSettings = {
				ALWAYS_EMBED_SWIFT_STANDARD_LIBRARIES = YES;
				CODE_SIGN_STYLE = Automatic;
				CURRENT_PROJECT_VERSION = 1;
				DEVELOPMENT_TEAM = 7G8MJMXW55;
				GENERATE_INFOPLIST_FILE = YES;
				IPHONEOS_DEPLOYMENT_TARGET = 15.2;
				MARKETING_VERSION = 1.0;
				PRODUCT_BUNDLE_IDENTIFIER = "com.davidz.Tests-iOS";
				PRODUCT_NAME = "$(TARGET_NAME)";
				SDKROOT = iphoneos;
				SWIFT_EMIT_LOC_STRINGS = NO;
				SWIFT_VERSION = 5.0;
				TARGETED_DEVICE_FAMILY = "1,2";
				TEST_TARGET_NAME = "PublishedViewModels (iOS)";
				VALIDATE_PRODUCT = YES;
			};
			name = Release;
		};
		97805F452792872B00821AC2 /* Debug */ = {
			isa = XCBuildConfiguration;
			buildSettings = {
				ALWAYS_EMBED_SWIFT_STANDARD_LIBRARIES = YES;
				CODE_SIGN_STYLE = Automatic;
				CURRENT_PROJECT_VERSION = 1;
				DEVELOPMENT_TEAM = 7G8MJMXW55;
				GENERATE_INFOPLIST_FILE = YES;
				MACOSX_DEPLOYMENT_TARGET = 12.0;
				MARKETING_VERSION = 1.0;
				PRODUCT_BUNDLE_IDENTIFIER = "com.davidz.Tests-macOS";
				PRODUCT_NAME = "$(TARGET_NAME)";
				SDKROOT = macosx;
				SWIFT_EMIT_LOC_STRINGS = NO;
				SWIFT_VERSION = 5.0;
				TEST_TARGET_NAME = "PublishedViewModels (macOS)";
			};
			name = Debug;
		};
		97805F462792872B00821AC2 /* Release */ = {
			isa = XCBuildConfiguration;
			buildSettings = {
				ALWAYS_EMBED_SWIFT_STANDARD_LIBRARIES = YES;
				CODE_SIGN_STYLE = Automatic;
				CURRENT_PROJECT_VERSION = 1;
				DEVELOPMENT_TEAM = 7G8MJMXW55;
				GENERATE_INFOPLIST_FILE = YES;
				MACOSX_DEPLOYMENT_TARGET = 12.0;
				MARKETING_VERSION = 1.0;
				PRODUCT_BUNDLE_IDENTIFIER = "com.davidz.Tests-macOS";
				PRODUCT_NAME = "$(TARGET_NAME)";
				SDKROOT = macosx;
				SWIFT_EMIT_LOC_STRINGS = NO;
				SWIFT_VERSION = 5.0;
				TEST_TARGET_NAME = "PublishedViewModels (macOS)";
			};
			name = Release;
		};
/* End XCBuildConfiguration section */

/* Begin XCConfigurationList section */
		97805F092792872900821AC2 /* Build configuration list for PBXProject "PublishedViewModels" */ = {
			isa = XCConfigurationList;
			buildConfigurations = (
				97805F392792872B00821AC2 /* Debug */,
				97805F3A2792872B00821AC2 /* Release */,
			);
			defaultConfigurationIsVisible = 0;
			defaultConfigurationName = Release;
		};
		97805F3B2792872B00821AC2 /* Build configuration list for PBXNativeTarget "PublishedViewModels (iOS)" */ = {
			isa = XCConfigurationList;
			buildConfigurations = (
				97805F3C2792872B00821AC2 /* Debug */,
				97805F3D2792872B00821AC2 /* Release */,
			);
			defaultConfigurationIsVisible = 0;
			defaultConfigurationName = Release;
		};
		97805F3E2792872B00821AC2 /* Build configuration list for PBXNativeTarget "PublishedViewModels (macOS)" */ = {
			isa = XCConfigurationList;
			buildConfigurations = (
				97805F3F2792872B00821AC2 /* Debug */,
				97805F402792872B00821AC2 /* Release */,
			);
			defaultConfigurationIsVisible = 0;
			defaultConfigurationName = Release;
		};
		97805F412792872B00821AC2 /* Build configuration list for PBXNativeTarget "Tests iOS" */ = {
			isa = XCConfigurationList;
			buildConfigurations = (
				97805F422792872B00821AC2 /* Debug */,
				97805F432792872B00821AC2 /* Release */,
			);
			defaultConfigurationIsVisible = 0;
			defaultConfigurationName = Release;
		};
		97805F442792872B00821AC2 /* Build configuration list for PBXNativeTarget "Tests macOS" */ = {
			isa = XCConfigurationList;
			buildConfigurations = (
				97805F452792872B00821AC2 /* Debug */,
				97805F462792872B00821AC2 /* Release */,
			);
			defaultConfigurationIsVisible = 0;
			defaultConfigurationName = Release;
		};
/* End XCConfigurationList section */
	};
	rootObject = 97805F062792872900821AC2 /* Project object */;
}
